// !$*UTF8*$!
{
	archiveVersion = 1;
	classes = {
	};
	objectVersion = 55;
	objects = {

/* Begin PBXBuildFile section */
		C70BC78828041F7900CFE8BC /* ScrollableSegmentedControl.swift in Sources */ = {isa = PBXBuildFile; fileRef = C70BC78728041F7900CFE8BC /* ScrollableSegmentedControl.swift */; };
		C70BC78B28041FBE00CFE8BC /* ScrollableSegmentedControlCollectionViewCell.swift in Sources */ = {isa = PBXBuildFile; fileRef = C70BC78A28041FBE00CFE8BC /* ScrollableSegmentedControlCollectionViewCell.swift */; };
		C70BC7902804200B00CFE8BC /* BaseCollectionViewCell.swift in Sources */ = {isa = PBXBuildFile; fileRef = C70BC78F2804200B00CFE8BC /* BaseCollectionViewCell.swift */; };
		C72A518F28044ACD0009D37C /* GalleryPreviewPostCollectionViewCell.xib in Resources */ = {isa = PBXBuildFile; fileRef = C72A518E28044ACD0009D37C /* GalleryPreviewPostCollectionViewCell.xib */; };
		C76E67B927FD0C880023CE9D /* BaseViewController.swift in Sources */ = {isa = PBXBuildFile; fileRef = C76E67B827FD0C880023CE9D /* BaseViewController.swift */; };
		C77B179727FF5B3000D2EE26 /* BaseService.swift in Sources */ = {isa = PBXBuildFile; fileRef = C77B179627FF5B3000D2EE26 /* BaseService.swift */; };
		C786EB2627F73577008D36BF /* AppDelegate.swift in Sources */ = {isa = PBXBuildFile; fileRef = C786EB2527F73577008D36BF /* AppDelegate.swift */; };
		C786EB2827F73577008D36BF /* SceneDelegate.swift in Sources */ = {isa = PBXBuildFile; fileRef = C786EB2727F73577008D36BF /* SceneDelegate.swift */; };
		C786EB2A27F73577008D36BF /* PostXibTableViewCell.swift in Sources */ = {isa = PBXBuildFile; fileRef = C786EB2927F73577008D36BF /* PostXibTableViewCell.swift */; };
		C786EB2D27F73577008D36BF /* PostList.storyboard in Resources */ = {isa = PBXBuildFile; fileRef = C786EB2B27F73577008D36BF /* PostList.storyboard */; };
		C786EB2F27F73579008D36BF /* Assets.xcassets in Resources */ = {isa = PBXBuildFile; fileRef = C786EB2E27F73579008D36BF /* Assets.xcassets */; };
		C786EB3227F73579008D36BF /* LaunchScreen.storyboard in Resources */ = {isa = PBXBuildFile; fileRef = C786EB3027F73579008D36BF /* LaunchScreen.storyboard */; };
		C786EB4A27F79896008D36BF /* Router.swift in Sources */ = {isa = PBXBuildFile; fileRef = C786EB4927F79896008D36BF /* Router.swift */; };
		C786EB4C27F7989F008D36BF /* AssemblyModelBuilder.swift in Sources */ = {isa = PBXBuildFile; fileRef = C786EB4B27F7989F008D36BF /* AssemblyModelBuilder.swift */; };
		C786EB4E27F798AD008D36BF /* PostListViewController.swift in Sources */ = {isa = PBXBuildFile; fileRef = C786EB4D27F798AD008D36BF /* PostListViewController.swift */; };
		C786EB5027F798B8008D36BF /* PostListPresenter.swift in Sources */ = {isa = PBXBuildFile; fileRef = C786EB4F27F798B8008D36BF /* PostListPresenter.swift */; };
		C786EB5227F798C0008D36BF /* BaseTableViewCell.swift in Sources */ = {isa = PBXBuildFile; fileRef = C786EB5127F798C0008D36BF /* BaseTableViewCell.swift */; };
		C786EB5427F798C9008D36BF /* PreviewPostModel.swift in Sources */ = {isa = PBXBuildFile; fileRef = C786EB5327F798C9008D36BF /* PreviewPostModel.swift */; };
		C786EB5627F798DD008D36BF /* PostDetailViewController.swift in Sources */ = {isa = PBXBuildFile; fileRef = C786EB5527F798DD008D36BF /* PostDetailViewController.swift */; };
		C786EB5827F798E6008D36BF /* PostDetailPresenter.swift in Sources */ = {isa = PBXBuildFile; fileRef = C786EB5727F798E6008D36BF /* PostDetailPresenter.swift */; };
		C786EB5A27F798EF008D36BF /* NetworkService.swift in Sources */ = {isa = PBXBuildFile; fileRef = C786EB5927F798EF008D36BF /* NetworkService.swift */; };
		C786EB5C27F798F6008D36BF /* UIViewExtension.swift in Sources */ = {isa = PBXBuildFile; fileRef = C786EB5B27F798F6008D36BF /* UIViewExtension.swift */; };
		C786EB5E27F79905008D36BF /* IntExtension.swift in Sources */ = {isa = PBXBuildFile; fileRef = C786EB5D27F79905008D36BF /* IntExtension.swift */; };
		C786EB6027F79911008D36BF /* CellRegister&DequeueReusableExtension.swift in Sources */ = {isa = PBXBuildFile; fileRef = C786EB5F27F79911008D36BF /* CellRegister&DequeueReusableExtension.swift */; };
		C786EB7827FA007F008D36BF /* PostXibTableViewCell.xib in Resources */ = {isa = PBXBuildFile; fileRef = C786EB7727FA007F008D36BF /* PostXibTableViewCell.xib */; };
		C7954A302804427A009D80A4 /* GalleryPreviewPostCollectionViewCell.swift in Sources */ = {isa = PBXBuildFile; fileRef = C7954A2F2804427A009D80A4 /* GalleryPreviewPostCollectionViewCell.swift */; };
		C7ACEA2727FB7DFB00EEC87F /* DetailPostModel.swift in Sources */ = {isa = PBXBuildFile; fileRef = C7ACEA2627FB7DFB00EEC87F /* DetailPostModel.swift */; };
		C7ACEA2927FC477500EEC87F /* PostsService.swift in Sources */ = {isa = PBXBuildFile; fileRef = C7ACEA2827FC477500EEC87F /* PostsService.swift */; };
		C7D0C2E2280481E000BEB4CB /* GridPreviewPostCollectionViewCell.xib in Resources */ = {isa = PBXBuildFile; fileRef = C7D0C2E1280481E000BEB4CB /* GridPreviewPostCollectionViewCell.xib */; };
		C7D0C2E42804823000BEB4CB /* GridPreviewPostCollectionViewCell.swift in Sources */ = {isa = PBXBuildFile; fileRef = C7D0C2E32804823000BEB4CB /* GridPreviewPostCollectionViewCell.swift */; };
		C7D694FA27FEFBFA00C22CB7 /* UIColorExtension.swift in Sources */ = {isa = PBXBuildFile; fileRef = C7D694F927FEFBF900C22CB7 /* UIColorExtension.swift */; };
		C7E0BE2F2800269C003440CE /* Сonstants.swift in Sources */ = {isa = PBXBuildFile; fileRef = C7E0BE2E2800269C003440CE /* Сonstants.swift */; };
		C7E0BE3128004975003440CE /* UILabelExtension.swift in Sources */ = {isa = PBXBuildFile; fileRef = C7E0BE3028004975003440CE /* UILabelExtension.swift */; };
/* End PBXBuildFile section */

/* Begin PBXFileReference section */
		C70BC78728041F7900CFE8BC /* ScrollableSegmentedControl.swift */ = {isa = PBXFileReference; lastKnownFileType = sourcecode.swift; path = ScrollableSegmentedControl.swift; sourceTree = "<group>"; };
		C70BC78A28041FBE00CFE8BC /* ScrollableSegmentedControlCollectionViewCell.swift */ = {isa = PBXFileReference; lastKnownFileType = sourcecode.swift; path = ScrollableSegmentedControlCollectionViewCell.swift; sourceTree = "<group>"; };
		C70BC78F2804200B00CFE8BC /* BaseCollectionViewCell.swift */ = {isa = PBXFileReference; lastKnownFileType = sourcecode.swift; path = BaseCollectionViewCell.swift; sourceTree = "<group>"; };
		C72A518E28044ACD0009D37C /* GalleryPreviewPostCollectionViewCell.xib */ = {isa = PBXFileReference; lastKnownFileType = file.xib; path = GalleryPreviewPostCollectionViewCell.xib; sourceTree = "<group>"; };
		C76E67B827FD0C880023CE9D /* BaseViewController.swift */ = {isa = PBXFileReference; lastKnownFileType = sourcecode.swift; path = BaseViewController.swift; sourceTree = "<group>"; };
		C77B179627FF5B3000D2EE26 /* BaseService.swift */ = {isa = PBXFileReference; lastKnownFileType = sourcecode.swift; path = BaseService.swift; sourceTree = "<group>"; };
		C786EB2227F73577008D36BF /* NatifeTest2.app */ = {isa = PBXFileReference; explicitFileType = wrapper.application; includeInIndex = 0; path = NatifeTest2.app; sourceTree = BUILT_PRODUCTS_DIR; };
		C786EB2527F73577008D36BF /* AppDelegate.swift */ = {isa = PBXFileReference; lastKnownFileType = sourcecode.swift; path = AppDelegate.swift; sourceTree = "<group>"; };
		C786EB2727F73577008D36BF /* SceneDelegate.swift */ = {isa = PBXFileReference; lastKnownFileType = sourcecode.swift; path = SceneDelegate.swift; sourceTree = "<group>"; };
		C786EB2927F73577008D36BF /* PostXibTableViewCell.swift */ = {isa = PBXFileReference; lastKnownFileType = sourcecode.swift; path = PostXibTableViewCell.swift; sourceTree = "<group>"; };
		C786EB2C27F73577008D36BF /* Base */ = {isa = PBXFileReference; lastKnownFileType = file.storyboard; name = Base; path = Base.lproj/PostList.storyboard; sourceTree = "<group>"; };
		C786EB2E27F73579008D36BF /* Assets.xcassets */ = {isa = PBXFileReference; lastKnownFileType = folder.assetcatalog; path = Assets.xcassets; sourceTree = "<group>"; };
		C786EB3127F73579008D36BF /* Base */ = {isa = PBXFileReference; lastKnownFileType = file.storyboard; name = Base; path = Base.lproj/LaunchScreen.storyboard; sourceTree = "<group>"; };
		C786EB3327F73579008D36BF /* Info.plist */ = {isa = PBXFileReference; lastKnownFileType = text.plist.xml; path = Info.plist; sourceTree = "<group>"; };
		C786EB4927F79896008D36BF /* Router.swift */ = {isa = PBXFileReference; lastKnownFileType = sourcecode.swift; path = Router.swift; sourceTree = "<group>"; };
		C786EB4B27F7989F008D36BF /* AssemblyModelBuilder.swift */ = {isa = PBXFileReference; lastKnownFileType = sourcecode.swift; path = AssemblyModelBuilder.swift; sourceTree = "<group>"; };
		C786EB4D27F798AD008D36BF /* PostListViewController.swift */ = {isa = PBXFileReference; lastKnownFileType = sourcecode.swift; path = PostListViewController.swift; sourceTree = "<group>"; };
		C786EB4F27F798B8008D36BF /* PostListPresenter.swift */ = {isa = PBXFileReference; lastKnownFileType = sourcecode.swift; path = PostListPresenter.swift; sourceTree = "<group>"; };
		C786EB5127F798C0008D36BF /* BaseTableViewCell.swift */ = {isa = PBXFileReference; lastKnownFileType = sourcecode.swift; path = BaseTableViewCell.swift; sourceTree = "<group>"; };
		C786EB5327F798C9008D36BF /* PreviewPostModel.swift */ = {isa = PBXFileReference; lastKnownFileType = sourcecode.swift; path = PreviewPostModel.swift; sourceTree = "<group>"; };
		C786EB5527F798DD008D36BF /* PostDetailViewController.swift */ = {isa = PBXFileReference; lastKnownFileType = sourcecode.swift; path = PostDetailViewController.swift; sourceTree = "<group>"; };
		C786EB5727F798E6008D36BF /* PostDetailPresenter.swift */ = {isa = PBXFileReference; lastKnownFileType = sourcecode.swift; path = PostDetailPresenter.swift; sourceTree = "<group>"; };
		C786EB5927F798EF008D36BF /* NetworkService.swift */ = {isa = PBXFileReference; lastKnownFileType = sourcecode.swift; path = NetworkService.swift; sourceTree = "<group>"; };
		C786EB5B27F798F6008D36BF /* UIViewExtension.swift */ = {isa = PBXFileReference; lastKnownFileType = sourcecode.swift; path = UIViewExtension.swift; sourceTree = "<group>"; };
		C786EB5D27F79905008D36BF /* IntExtension.swift */ = {isa = PBXFileReference; lastKnownFileType = sourcecode.swift; path = IntExtension.swift; sourceTree = "<group>"; };
		C786EB5F27F79911008D36BF /* CellRegister&DequeueReusableExtension.swift */ = {isa = PBXFileReference; lastKnownFileType = sourcecode.swift; path = "CellRegister&DequeueReusableExtension.swift"; sourceTree = "<group>"; };
		C786EB7727FA007F008D36BF /* PostXibTableViewCell.xib */ = {isa = PBXFileReference; lastKnownFileType = file.xib; path = PostXibTableViewCell.xib; sourceTree = "<group>"; };
		C7954A2F2804427A009D80A4 /* GalleryPreviewPostCollectionViewCell.swift */ = {isa = PBXFileReference; lastKnownFileType = sourcecode.swift; path = GalleryPreviewPostCollectionViewCell.swift; sourceTree = "<group>"; };
		C7ACEA2627FB7DFB00EEC87F /* DetailPostModel.swift */ = {isa = PBXFileReference; lastKnownFileType = sourcecode.swift; path = DetailPostModel.swift; sourceTree = "<group>"; };
		C7ACEA2827FC477500EEC87F /* PostsService.swift */ = {isa = PBXFileReference; lastKnownFileType = sourcecode.swift; path = PostsService.swift; sourceTree = "<group>"; };
		C7D0C2E1280481E000BEB4CB /* GridPreviewPostCollectionViewCell.xib */ = {isa = PBXFileReference; lastKnownFileType = file.xib; path = GridPreviewPostCollectionViewCell.xib; sourceTree = "<group>"; };
		C7D0C2E32804823000BEB4CB /* GridPreviewPostCollectionViewCell.swift */ = {isa = PBXFileReference; lastKnownFileType = sourcecode.swift; path = GridPreviewPostCollectionViewCell.swift; sourceTree = "<group>"; };
		C7D694F927FEFBF900C22CB7 /* UIColorExtension.swift */ = {isa = PBXFileReference; lastKnownFileType = sourcecode.swift; path = UIColorExtension.swift; sourceTree = "<group>"; };
		C7E0BE2E2800269C003440CE /* Сonstants.swift */ = {isa = PBXFileReference; lastKnownFileType = sourcecode.swift; path = "Сonstants.swift"; sourceTree = "<group>"; };
		C7E0BE3028004975003440CE /* UILabelExtension.swift */ = {isa = PBXFileReference; lastKnownFileType = sourcecode.swift; path = UILabelExtension.swift; sourceTree = "<group>"; };
/* End PBXFileReference section */

/* Begin PBXFrameworksBuildPhase section */
		C786EB1F27F73577008D36BF /* Frameworks */ = {
			isa = PBXFrameworksBuildPhase;
			buildActionMask = 2147483647;
			files = (
			);
			runOnlyForDeploymentPostprocessing = 0;
		};
/* End PBXFrameworksBuildPhase section */

/* Begin PBXGroup section */
		C70BC78928041FA200CFE8BC /* ScrollableSegmentedControl */ = {
			isa = PBXGroup;
			children = (
				C70BC78E28041FF000CFE8BC /* ScrollableSegmentedControllCell */,
				C70BC78728041F7900CFE8BC /* ScrollableSegmentedControl.swift */,
			);
			path = ScrollableSegmentedControl;
			sourceTree = "<group>";
		};
		C70BC78E28041FF000CFE8BC /* ScrollableSegmentedControllCell */ = {
			isa = PBXGroup;
			children = (
				C70BC78A28041FBE00CFE8BC /* ScrollableSegmentedControlCollectionViewCell.swift */,
			);
			path = ScrollableSegmentedControllCell;
			sourceTree = "<group>";
		};
		C786EB1927F73577008D36BF = {
			isa = PBXGroup;
			children = (
				C786EB2427F73577008D36BF /* NatifeTest2 */,
				C786EB2327F73577008D36BF /* Products */,
			);
			sourceTree = "<group>";
		};
		C786EB2327F73577008D36BF /* Products */ = {
			isa = PBXGroup;
			children = (
				C786EB2227F73577008D36BF /* NatifeTest2.app */,
			);
			name = Products;
			sourceTree = "<group>";
		};
		C786EB2427F73577008D36BF /* NatifeTest2 */ = {
			isa = PBXGroup;
			children = (
				C786EB7027F9E993008D36BF /* App&SceneDelegate */,
				C786EB6127F9E86F008D36BF /* Router */,
				C786EB6227F9E87B008D36BF /* AssebmlyModelBuilder */,
				C786EB6F27F9E937008D36BF /* Extensions */,
				C786EB6327F9E888008D36BF /* PostListModule */,
				C786EB6627F9E8BD008D36BF /* PostDetailModule */,
				C786EB6727F9E8D2008D36BF /* NetworkService */,
				C786EB6E27F9E911008D36BF /* SupportingFiles */,
			);
			path = NatifeTest2;
			sourceTree = "<group>";
		};
		C786EB6127F9E86F008D36BF /* Router */ = {
			isa = PBXGroup;
			children = (
				C786EB4927F79896008D36BF /* Router.swift */,
			);
			path = Router;
			sourceTree = "<group>";
		};
		C786EB6227F9E87B008D36BF /* AssebmlyModelBuilder */ = {
			isa = PBXGroup;
			children = (
				C786EB4B27F7989F008D36BF /* AssemblyModelBuilder.swift */,
			);
			path = AssebmlyModelBuilder;
			sourceTree = "<group>";
		};
		C786EB6327F9E888008D36BF /* PostListModule */ = {
			isa = PBXGroup;
			children = (
				C786EB6B27F9E8F6008D36BF /* Model */,
				C786EB6C27F9E8FA008D36BF /* View */,
				C786EB6D27F9E8FE008D36BF /* Presenter */,
			);
			path = PostListModule;
			sourceTree = "<group>";
		};
		C786EB6627F9E8BD008D36BF /* PostDetailModule */ = {
			isa = PBXGroup;
			children = (
				C786EB6827F9E8DF008D36BF /* Model */,
				C786EB6927F9E8E8008D36BF /* View */,
				C786EB6A27F9E8ED008D36BF /* Presenter */,
			);
			path = PostDetailModule;
			sourceTree = "<group>";
		};
		C786EB6727F9E8D2008D36BF /* NetworkService */ = {
			isa = PBXGroup;
			children = (
				C786EB5927F798EF008D36BF /* NetworkService.swift */,
				C7ACEA2827FC477500EEC87F /* PostsService.swift */,
				C77B179627FF5B3000D2EE26 /* BaseService.swift */,
			);
			path = NetworkService;
			sourceTree = "<group>";
		};
		C786EB6827F9E8DF008D36BF /* Model */ = {
			isa = PBXGroup;
			children = (
				C7ACEA2627FB7DFB00EEC87F /* DetailPostModel.swift */,
			);
			path = Model;
			sourceTree = "<group>";
		};
		C786EB6927F9E8E8008D36BF /* View */ = {
			isa = PBXGroup;
			children = (
				C786EB5527F798DD008D36BF /* PostDetailViewController.swift */,
				C76E67B827FD0C880023CE9D /* BaseViewController.swift */,
			);
			path = View;
			sourceTree = "<group>";
		};
		C786EB6A27F9E8ED008D36BF /* Presenter */ = {
			isa = PBXGroup;
			children = (
				C786EB5727F798E6008D36BF /* PostDetailPresenter.swift */,
			);
			path = Presenter;
			sourceTree = "<group>";
		};
		C786EB6B27F9E8F6008D36BF /* Model */ = {
			isa = PBXGroup;
			children = (
				C786EB5327F798C9008D36BF /* PreviewPostModel.swift */,
			);
			path = Model;
			sourceTree = "<group>";
		};
		C786EB6C27F9E8FA008D36BF /* View */ = {
			isa = PBXGroup;
			children = (
				C70BC78928041FA200CFE8BC /* ScrollableSegmentedControl */,
				C786EB7927FA0ED8008D36BF /* PostCell */,
				C786EB7627FA004E008D36BF /* Storyboard */,
				C786EB7527FA003B008D36BF /* View */,
			);
			path = View;
			sourceTree = "<group>";
		};
		C786EB6D27F9E8FE008D36BF /* Presenter */ = {
			isa = PBXGroup;
			children = (
				C786EB4F27F798B8008D36BF /* PostListPresenter.swift */,
			);
			path = Presenter;
			sourceTree = "<group>";
		};
		C786EB6E27F9E911008D36BF /* SupportingFiles */ = {
			isa = PBXGroup;
			children = (
				C7E0BE2E2800269C003440CE /* Сonstants.swift */,
				C786EB2E27F73579008D36BF /* Assets.xcassets */,
				C786EB3027F73579008D36BF /* LaunchScreen.storyboard */,
				C786EB3327F73579008D36BF /* Info.plist */,
			);
			path = SupportingFiles;
			sourceTree = "<group>";
		};
		C786EB6F27F9E937008D36BF /* Extensions */ = {
			isa = PBXGroup;
			children = (
				C786EB5F27F79911008D36BF /* CellRegister&DequeueReusableExtension.swift */,
				C786EB5D27F79905008D36BF /* IntExtension.swift */,
				C786EB5B27F798F6008D36BF /* UIViewExtension.swift */,
				C7D694F927FEFBF900C22CB7 /* UIColorExtension.swift */,
				C7E0BE3028004975003440CE /* UILabelExtension.swift */,
			);
			path = Extensions;
			sourceTree = "<group>";
		};
		C786EB7027F9E993008D36BF /* App&SceneDelegate */ = {
			isa = PBXGroup;
			children = (
				C786EB2727F73577008D36BF /* SceneDelegate.swift */,
				C786EB2527F73577008D36BF /* AppDelegate.swift */,
			);
			path = "App&SceneDelegate";
			sourceTree = "<group>";
		};
		C786EB7527FA003B008D36BF /* View */ = {
			isa = PBXGroup;
			children = (
				C786EB4D27F798AD008D36BF /* PostListViewController.swift */,
			);
			path = View;
			sourceTree = "<group>";
		};
		C786EB7627FA004E008D36BF /* Storyboard */ = {
			isa = PBXGroup;
			children = (
				C786EB2B27F73577008D36BF /* PostList.storyboard */,
			);
			path = Storyboard;
			sourceTree = "<group>";
		};
		C786EB7927FA0ED8008D36BF /* PostCell */ = {
			isa = PBXGroup;
			children = (
				C7954A2B280441C3009D80A4 /* TableView */,
				C7954A2A280441BC009D80A4 /* CollectionView */,
			);
			path = PostCell;
			sourceTree = "<group>";
		};
		C7954A2A280441BC009D80A4 /* CollectionView */ = {
			isa = PBXGroup;
			children = (
				C7D0C2E02804819A00BEB4CB /* Gallery */,
				C7D0C2DF2804818F00BEB4CB /* Grid */,
				C70BC78F2804200B00CFE8BC /* BaseCollectionViewCell.swift */,
			);
			path = CollectionView;
			sourceTree = "<group>";
		};
		C7954A2B280441C3009D80A4 /* TableView */ = {
			isa = PBXGroup;
			children = (
				C786EB7727FA007F008D36BF /* PostXibTableViewCell.xib */,
				C786EB5127F798C0008D36BF /* BaseTableViewCell.swift */,
				C786EB2927F73577008D36BF /* PostXibTableViewCell.swift */,
			);
			path = TableView;
			sourceTree = "<group>";
		};
		C7D0C2DF2804818F00BEB4CB /* Grid */ = {
			isa = PBXGroup;
			children = (
				C7D0C2E1280481E000BEB4CB /* GridPreviewPostCollectionViewCell.xib */,
				C7D0C2E32804823000BEB4CB /* GridPreviewPostCollectionViewCell.swift */,
			);
			path = Grid;
			sourceTree = "<group>";
		};
		C7D0C2E02804819A00BEB4CB /* Gallery */ = {
			isa = PBXGroup;
			children = (
				C7954A2F2804427A009D80A4 /* GalleryPreviewPostCollectionViewCell.swift */,
				C72A518E28044ACD0009D37C /* GalleryPreviewPostCollectionViewCell.xib */,
			);
			path = Gallery;
			sourceTree = "<group>";
		};
/* End PBXGroup section */

/* Begin PBXNativeTarget section */
		C786EB2127F73577008D36BF /* NatifeTest2 */ = {
			isa = PBXNativeTarget;
			buildConfigurationList = C786EB3627F73579008D36BF /* Build configuration list for PBXNativeTarget "NatifeTest2" */;
			buildPhases = (
				C786EB1E27F73577008D36BF /* Sources */,
				C786EB1F27F73577008D36BF /* Frameworks */,
				C786EB2027F73577008D36BF /* Resources */,
			);
			buildRules = (
			);
			dependencies = (
			);
			name = NatifeTest2;
			productName = NatifeTest2;
			productReference = C786EB2227F73577008D36BF /* NatifeTest2.app */;
			productType = "com.apple.product-type.application";
		};
/* End PBXNativeTarget section */

/* Begin PBXProject section */
		C786EB1A27F73577008D36BF /* Project object */ = {
			isa = PBXProject;
			attributes = {
				BuildIndependentTargetsInParallel = 1;
				LastSwiftUpdateCheck = 1310;
				LastUpgradeCheck = 1310;
				TargetAttributes = {
					C786EB2127F73577008D36BF = {
						CreatedOnToolsVersion = 13.1;
					};
				};
			};
			buildConfigurationList = C786EB1D27F73577008D36BF /* Build configuration list for PBXProject "NatifeTest2" */;
			compatibilityVersion = "Xcode 13.0";
			developmentRegion = en;
			hasScannedForEncodings = 0;
			knownRegions = (
				en,
				Base,
			);
			mainGroup = C786EB1927F73577008D36BF;
			productRefGroup = C786EB2327F73577008D36BF /* Products */;
			projectDirPath = "";
			projectRoot = "";
			targets = (
				C786EB2127F73577008D36BF /* NatifeTest2 */,
			);
		};
/* End PBXProject section */

/* Begin PBXResourcesBuildPhase section */
		C786EB2027F73577008D36BF /* Resources */ = {
			isa = PBXResourcesBuildPhase;
			buildActionMask = 2147483647;
			files = (
				C7D0C2E2280481E000BEB4CB /* GridPreviewPostCollectionViewCell.xib in Resources */,
				C786EB3227F73579008D36BF /* LaunchScreen.storyboard in Resources */,
				C72A518F28044ACD0009D37C /* GalleryPreviewPostCollectionViewCell.xib in Resources */,
				C786EB2F27F73579008D36BF /* Assets.xcassets in Resources */,
				C786EB2D27F73577008D36BF /* PostList.storyboard in Resources */,
				C786EB7827FA007F008D36BF /* PostXibTableViewCell.xib in Resources */,
			);
			runOnlyForDeploymentPostprocessing = 0;
		};
/* End PBXResourcesBuildPhase section */

/* Begin PBXSourcesBuildPhase section */
		C786EB1E27F73577008D36BF /* Sources */ = {
			isa = PBXSourcesBuildPhase;
			buildActionMask = 2147483647;
			files = (
				C786EB5E27F79905008D36BF /* IntExtension.swift in Sources */,
				C786EB5027F798B8008D36BF /* PostListPresenter.swift in Sources */,
				C786EB5427F798C9008D36BF /* PreviewPostModel.swift in Sources */,
				C786EB4C27F7989F008D36BF /* AssemblyModelBuilder.swift in Sources */,
				C76E67B927FD0C880023CE9D /* BaseViewController.swift in Sources */,
				C786EB4A27F79896008D36BF /* Router.swift in Sources */,
				C7D0C2E42804823000BEB4CB /* GridPreviewPostCollectionViewCell.swift in Sources */,
				C786EB2A27F73577008D36BF /* PostXibTableViewCell.swift in Sources */,
				C7D694FA27FEFBFA00C22CB7 /* UIColorExtension.swift in Sources */,
				C7ACEA2727FB7DFB00EEC87F /* DetailPostModel.swift in Sources */,
				C7954A302804427A009D80A4 /* GalleryPreviewPostCollectionViewCell.swift in Sources */,
				C786EB2627F73577008D36BF /* AppDelegate.swift in Sources */,
				C786EB5827F798E6008D36BF /* PostDetailPresenter.swift in Sources */,
				C77B179727FF5B3000D2EE26 /* BaseService.swift in Sources */,
				C70BC78B28041FBE00CFE8BC /* ScrollableSegmentedControlCollectionViewCell.swift in Sources */,
				C70BC78828041F7900CFE8BC /* ScrollableSegmentedControl.swift in Sources */,
				C786EB5227F798C0008D36BF /* BaseTableViewCell.swift in Sources */,
				C70BC7902804200B00CFE8BC /* BaseCollectionViewCell.swift in Sources */,
				C786EB5627F798DD008D36BF /* PostDetailViewController.swift in Sources */,
				C7ACEA2927FC477500EEC87F /* PostsService.swift in Sources */,
				C786EB6027F79911008D36BF /* CellRegister&DequeueReusableExtension.swift in Sources */,
				C786EB5C27F798F6008D36BF /* UIViewExtension.swift in Sources */,
				C786EB4E27F798AD008D36BF /* PostListViewController.swift in Sources */,
				C7E0BE2F2800269C003440CE /* Сonstants.swift in Sources */,
				C786EB5A27F798EF008D36BF /* NetworkService.swift in Sources */,
				C7E0BE3128004975003440CE /* UILabelExtension.swift in Sources */,
				C786EB2827F73577008D36BF /* SceneDelegate.swift in Sources */,
			);
			runOnlyForDeploymentPostprocessing = 0;
		};
/* End PBXSourcesBuildPhase section */

/* Begin PBXVariantGroup section */
		C786EB2B27F73577008D36BF /* PostList.storyboard */ = {
			isa = PBXVariantGroup;
			children = (
				C786EB2C27F73577008D36BF /* Base */,
			);
			name = PostList.storyboard;
			sourceTree = "<group>";
		};
		C786EB3027F73579008D36BF /* LaunchScreen.storyboard */ = {
			isa = PBXVariantGroup;
			children = (
				C786EB3127F73579008D36BF /* Base */,
			);
			name = LaunchScreen.storyboard;
			sourceTree = "<group>";
		};
/* End PBXVariantGroup section */

/* Begin XCBuildConfiguration section */
		C786EB3427F73579008D36BF /* Debug */ = {
			isa = XCBuildConfiguration;
			buildSettings = {
				ALWAYS_SEARCH_USER_PATHS = NO;
				CLANG_ANALYZER_NONNULL = YES;
				CLANG_ANALYZER_NUMBER_OBJECT_CONVERSION = YES_AGGRESSIVE;
				CLANG_CXX_LANGUAGE_STANDARD = "gnu++17";
				CLANG_CXX_LIBRARY = "libc++";
				CLANG_ENABLE_MODULES = YES;
				CLANG_ENABLE_OBJC_ARC = YES;
				CLANG_ENABLE_OBJC_WEAK = YES;
				CLANG_WARN_BLOCK_CAPTURE_AUTORELEASING = YES;
				CLANG_WARN_BOOL_CONVERSION = YES;
				CLANG_WARN_COMMA = YES;
				CLANG_WARN_CONSTANT_CONVERSION = YES;
				CLANG_WARN_DEPRECATED_OBJC_IMPLEMENTATIONS = YES;
				CLANG_WARN_DIRECT_OBJC_ISA_USAGE = YES_ERROR;
				CLANG_WARN_DOCUMENTATION_COMMENTS = YES;
				CLANG_WARN_EMPTY_BODY = YES;
				CLANG_WARN_ENUM_CONVERSION = YES;
				CLANG_WARN_INFINITE_RECURSION = YES;
				CLANG_WARN_INT_CONVERSION = YES;
				CLANG_WARN_NON_LITERAL_NULL_CONVERSION = YES;
				CLANG_WARN_OBJC_IMPLICIT_RETAIN_SELF = YES;
				CLANG_WARN_OBJC_LITERAL_CONVERSION = YES;
				CLANG_WARN_OBJC_ROOT_CLASS = YES_ERROR;
				CLANG_WARN_QUOTED_INCLUDE_IN_FRAMEWORK_HEADER = YES;
				CLANG_WARN_RANGE_LOOP_ANALYSIS = YES;
				CLANG_WARN_STRICT_PROTOTYPES = YES;
				CLANG_WARN_SUSPICIOUS_MOVE = YES;
				CLANG_WARN_UNGUARDED_AVAILABILITY = YES_AGGRESSIVE;
				CLANG_WARN_UNREACHABLE_CODE = YES;
				CLANG_WARN__DUPLICATE_METHOD_MATCH = YES;
				COPY_PHASE_STRIP = NO;
				DEBUG_INFORMATION_FORMAT = dwarf;
				ENABLE_STRICT_OBJC_MSGSEND = YES;
				ENABLE_TESTABILITY = YES;
				GCC_C_LANGUAGE_STANDARD = gnu11;
				GCC_DYNAMIC_NO_PIC = NO;
				GCC_NO_COMMON_BLOCKS = YES;
				GCC_OPTIMIZATION_LEVEL = 0;
				GCC_PREPROCESSOR_DEFINITIONS = (
					"DEBUG=1",
					"$(inherited)",
				);
				GCC_WARN_64_TO_32_BIT_CONVERSION = YES;
				GCC_WARN_ABOUT_RETURN_TYPE = YES_ERROR;
				GCC_WARN_UNDECLARED_SELECTOR = YES;
				GCC_WARN_UNINITIALIZED_AUTOS = YES_AGGRESSIVE;
				GCC_WARN_UNUSED_FUNCTION = YES;
				GCC_WARN_UNUSED_VARIABLE = YES;
				IPHONEOS_DEPLOYMENT_TARGET = 15.0;
				MTL_ENABLE_DEBUG_INFO = INCLUDE_SOURCE;
				MTL_FAST_MATH = YES;
				ONLY_ACTIVE_ARCH = YES;
				SDKROOT = iphoneos;
				SWIFT_ACTIVE_COMPILATION_CONDITIONS = DEBUG;
				SWIFT_OPTIMIZATION_LEVEL = "-Onone";
			};
			name = Debug;
		};
		C786EB3527F73579008D36BF /* Release */ = {
			isa = XCBuildConfiguration;
			buildSettings = {
				ALWAYS_SEARCH_USER_PATHS = NO;
				CLANG_ANALYZER_NONNULL = YES;
				CLANG_ANALYZER_NUMBER_OBJECT_CONVERSION = YES_AGGRESSIVE;
				CLANG_CXX_LANGUAGE_STANDARD = "gnu++17";
				CLANG_CXX_LIBRARY = "libc++";
				CLANG_ENABLE_MODULES = YES;
				CLANG_ENABLE_OBJC_ARC = YES;
				CLANG_ENABLE_OBJC_WEAK = YES;
				CLANG_WARN_BLOCK_CAPTURE_AUTORELEASING = YES;
				CLANG_WARN_BOOL_CONVERSION = YES;
				CLANG_WARN_COMMA = YES;
				CLANG_WARN_CONSTANT_CONVERSION = YES;
				CLANG_WARN_DEPRECATED_OBJC_IMPLEMENTATIONS = YES;
				CLANG_WARN_DIRECT_OBJC_ISA_USAGE = YES_ERROR;
				CLANG_WARN_DOCUMENTATION_COMMENTS = YES;
				CLANG_WARN_EMPTY_BODY = YES;
				CLANG_WARN_ENUM_CONVERSION = YES;
				CLANG_WARN_INFINITE_RECURSION = YES;
				CLANG_WARN_INT_CONVERSION = YES;
				CLANG_WARN_NON_LITERAL_NULL_CONVERSION = YES;
				CLANG_WARN_OBJC_IMPLICIT_RETAIN_SELF = YES;
				CLANG_WARN_OBJC_LITERAL_CONVERSION = YES;
				CLANG_WARN_OBJC_ROOT_CLASS = YES_ERROR;
				CLANG_WARN_QUOTED_INCLUDE_IN_FRAMEWORK_HEADER = YES;
				CLANG_WARN_RANGE_LOOP_ANALYSIS = YES;
				CLANG_WARN_STRICT_PROTOTYPES = YES;
				CLANG_WARN_SUSPICIOUS_MOVE = YES;
				CLANG_WARN_UNGUARDED_AVAILABILITY = YES_AGGRESSIVE;
				CLANG_WARN_UNREACHABLE_CODE = YES;
				CLANG_WARN__DUPLICATE_METHOD_MATCH = YES;
				COPY_PHASE_STRIP = NO;
				DEBUG_INFORMATION_FORMAT = "dwarf-with-dsym";
				ENABLE_NS_ASSERTIONS = NO;
				ENABLE_STRICT_OBJC_MSGSEND = YES;
				GCC_C_LANGUAGE_STANDARD = gnu11;
				GCC_NO_COMMON_BLOCKS = YES;
				GCC_WARN_64_TO_32_BIT_CONVERSION = YES;
				GCC_WARN_ABOUT_RETURN_TYPE = YES_ERROR;
				GCC_WARN_UNDECLARED_SELECTOR = YES;
				GCC_WARN_UNINITIALIZED_AUTOS = YES_AGGRESSIVE;
				GCC_WARN_UNUSED_FUNCTION = YES;
				GCC_WARN_UNUSED_VARIABLE = YES;
				IPHONEOS_DEPLOYMENT_TARGET = 15.0;
				MTL_ENABLE_DEBUG_INFO = NO;
				MTL_FAST_MATH = YES;
				SDKROOT = iphoneos;
				SWIFT_COMPILATION_MODE = wholemodule;
				SWIFT_OPTIMIZATION_LEVEL = "-O";
				VALIDATE_PRODUCT = YES;
			};
			name = Release;
		};
		C786EB3727F73579008D36BF /* Debug */ = {
			isa = XCBuildConfiguration;
			buildSettings = {
				ASSETCATALOG_COMPILER_APPICON_NAME = AppIcon;
				ASSETCATALOG_COMPILER_GLOBAL_ACCENT_COLOR_NAME = AccentColor;
				CODE_SIGN_STYLE = Automatic;
				CURRENT_PROJECT_VERSION = 1;
				DEVELOPMENT_TEAM = SMZH48C953;
				GENERATE_INFOPLIST_FILE = YES;
				INFOPLIST_FILE = NatifeTest2/SupportingFiles/Info.plist;
				INFOPLIST_KEY_UIApplicationSupportsIndirectInputEvents = YES;
				INFOPLIST_KEY_UILaunchStoryboardName = LaunchScreen;
				INFOPLIST_KEY_UIMainStoryboardFile = PostList;
				INFOPLIST_KEY_UISupportedInterfaceOrientations_iPad = "UIInterfaceOrientationPortrait UIInterfaceOrientationPortraitUpsideDown UIInterfaceOrientationLandscapeLeft UIInterfaceOrientationLandscapeRight";
				INFOPLIST_KEY_UISupportedInterfaceOrientations_iPhone = "UIInterfaceOrientationPortrait UIInterfaceOrientationLandscapeLeft UIInterfaceOrientationLandscapeRight";
				LD_RUNPATH_SEARCH_PATHS = (
					"$(inherited)",
					"@executable_path/Frameworks",
				);
				MARKETING_VERSION = 1.0;
				PRODUCT_BUNDLE_IDENTIFIER = "Danylo-Klymov.NatifeTest2";
				PRODUCT_NAME = "$(TARGET_NAME)";
				SWIFT_EMIT_LOC_STRINGS = YES;
				SWIFT_VERSION = 5.0;
				TARGETED_DEVICE_FAMILY = 1;
			};
			name = Debug;
		};
		C786EB3827F73579008D36BF /* Release */ = {
			isa = XCBuildConfiguration;
			buildSettings = {
				ASSETCATALOG_COMPILER_APPICON_NAME = AppIcon;
				ASSETCATALOG_COMPILER_GLOBAL_ACCENT_COLOR_NAME = AccentColor;
				CODE_SIGN_STYLE = Automatic;
				CURRENT_PROJECT_VERSION = 1;
				DEVELOPMENT_TEAM = SMZH48C953;
				GENERATE_INFOPLIST_FILE = YES;
				INFOPLIST_FILE = NatifeTest2/SupportingFiles/Info.plist;
				INFOPLIST_KEY_UIApplicationSupportsIndirectInputEvents = YES;
				INFOPLIST_KEY_UILaunchStoryboardName = LaunchScreen;
				INFOPLIST_KEY_UIMainStoryboardFile = PostList;
				INFOPLIST_KEY_UISupportedInterfaceOrientations_iPad = "UIInterfaceOrientationPortrait UIInterfaceOrientationPortraitUpsideDown UIInterfaceOrientationLandscapeLeft UIInterfaceOrientationLandscapeRight";
				INFOPLIST_KEY_UISupportedInterfaceOrientations_iPhone = "UIInterfaceOrientationPortrait UIInterfaceOrientationLandscapeLeft UIInterfaceOrientationLandscapeRight";
				LD_RUNPATH_SEARCH_PATHS = (
					"$(inherited)",
					"@executable_path/Frameworks",
				);
				MARKETING_VERSION = 1.0;
				PRODUCT_BUNDLE_IDENTIFIER = "Danylo-Klymov.NatifeTest2";
				PRODUCT_NAME = "$(TARGET_NAME)";
				SWIFT_EMIT_LOC_STRINGS = YES;
				SWIFT_VERSION = 5.0;
				TARGETED_DEVICE_FAMILY = 1;
			};
			name = Release;
		};
/* End XCBuildConfiguration section */

/* Begin XCConfigurationList section */
		C786EB1D27F73577008D36BF /* Build configuration list for PBXProject "NatifeTest2" */ = {
			isa = XCConfigurationList;
			buildConfigurations = (
				C786EB3427F73579008D36BF /* Debug */,
				C786EB3527F73579008D36BF /* Release */,
			);
			defaultConfigurationIsVisible = 0;
			defaultConfigurationName = Release;
		};
		C786EB3627F73579008D36BF /* Build configuration list for PBXNativeTarget "NatifeTest2" */ = {
			isa = XCConfigurationList;
			buildConfigurations = (
				C786EB3727F73579008D36BF /* Debug */,
				C786EB3827F73579008D36BF /* Release */,
			);
			defaultConfigurationIsVisible = 0;
			defaultConfigurationName = Release;
		};
/* End XCConfigurationList section */
	};
	rootObject = C786EB1A27F73577008D36BF /* Project object */;
}
